// !$*UTF8*$!
{
	archiveVersion = 1;
	classes = {
	};
	objectVersion = 46;
	objects = {

/* Begin PBXBuildFile section */
		0D80BFF75C45C620609B537F /* Pods_SoundByte.framework in Frameworks */ = {isa = PBXBuildFile; fileRef = A6AF81E996464C4841DC437B /* Pods_SoundByte.framework */; };
		CF0DC8F01C209315005C9825 /* TimelineTableViewCell.swift in Sources */ = {isa = PBXBuildFile; fileRef = CF0DC8EF1C209315005C9825 /* TimelineTableViewCell.swift */; };
		CF1CE3FD1BDE97EB007AA9A4 /* AppDelegate.swift in Sources */ = {isa = PBXBuildFile; fileRef = CF1CE3FC1BDE97EB007AA9A4 /* AppDelegate.swift */; };
		CF1CE4021BDE97EB007AA9A4 /* SettingsViewController.swift in Sources */ = {isa = PBXBuildFile; fileRef = CF1CE4011BDE97EB007AA9A4 /* SettingsViewController.swift */; };
		CF1CE4071BDE97EB007AA9A4 /* Images.xcassets in Resources */ = {isa = PBXBuildFile; fileRef = CF1CE4061BDE97EB007AA9A4 /* Images.xcassets */; };
		CF1CE40A1BDE97EB007AA9A4 /* LaunchScreen.xib in Resources */ = {isa = PBXBuildFile; fileRef = CF1CE4081BDE97EB007AA9A4 /* LaunchScreen.xib */; };
		CF1CE4271BDE9A27007AA9A4 /* Bolts.framework in Frameworks */ = {isa = PBXBuildFile; fileRef = CF1CE4241BDE9A27007AA9A4 /* Bolts.framework */; };
		CF1CE4281BDE9A27007AA9A4 /* Parse.framework in Frameworks */ = {isa = PBXBuildFile; fileRef = CF1CE4251BDE9A27007AA9A4 /* Parse.framework */; };
		CF1CE4291BDE9A27007AA9A4 /* ParseUI.framework in Frameworks */ = {isa = PBXBuildFile; fileRef = CF1CE4261BDE9A27007AA9A4 /* ParseUI.framework */; };
		CF1CE42B1BDE9A49007AA9A4 /* AudioToolbox.framework in Frameworks */ = {isa = PBXBuildFile; fileRef = CF1CE42A1BDE9A49007AA9A4 /* AudioToolbox.framework */; };
		CF1CE42D1BDE9A51007AA9A4 /* CFNetwork.framework in Frameworks */ = {isa = PBXBuildFile; fileRef = CF1CE42C1BDE9A51007AA9A4 /* CFNetwork.framework */; };
		CF1CE42F1BDE9A58007AA9A4 /* CoreGraphics.framework in Frameworks */ = {isa = PBXBuildFile; fileRef = CF1CE42E1BDE9A58007AA9A4 /* CoreGraphics.framework */; };
		CF1CE4311BDE9A5F007AA9A4 /* CoreLocation.framework in Frameworks */ = {isa = PBXBuildFile; fileRef = CF1CE4301BDE9A5F007AA9A4 /* CoreLocation.framework */; };
		CF1CE4331BDE9A67007AA9A4 /* QuartzCore.framework in Frameworks */ = {isa = PBXBuildFile; fileRef = CF1CE4321BDE9A67007AA9A4 /* QuartzCore.framework */; };
		CF1CE4351BDE9A6D007AA9A4 /* Security.framework in Frameworks */ = {isa = PBXBuildFile; fileRef = CF1CE4341BDE9A6D007AA9A4 /* Security.framework */; };
		CF1CE4371BDE9A73007AA9A4 /* StoreKit.framework in Frameworks */ = {isa = PBXBuildFile; fileRef = CF1CE4361BDE9A73007AA9A4 /* StoreKit.framework */; };
		CF1CE4391BDE9A7A007AA9A4 /* SystemConfiguration.framework in Frameworks */ = {isa = PBXBuildFile; fileRef = CF1CE4381BDE9A7A007AA9A4 /* SystemConfiguration.framework */; };
		CF1CE43B1BDE9A84007AA9A4 /* libz.1.2.5.dylib in Frameworks */ = {isa = PBXBuildFile; fileRef = CF1CE43A1BDE9A84007AA9A4 /* libz.1.2.5.dylib */; };
		CF1CE43D1BDE9A8B007AA9A4 /* libsqlite3.0.dylib in Frameworks */ = {isa = PBXBuildFile; fileRef = CF1CE43C1BDE9A8B007AA9A4 /* libsqlite3.0.dylib */; };
		CF1CE4421BDEC99F007AA9A4 /* LoginViewController.swift in Sources */ = {isa = PBXBuildFile; fileRef = CF1CE4411BDEC99F007AA9A4 /* LoginViewController.swift */; };
		CF1CE4481BDECA68007AA9A4 /* RegisterPageViewController.swift in Sources */ = {isa = PBXBuildFile; fileRef = CF1CE4471BDECA68007AA9A4 /* RegisterPageViewController.swift */; };
		CF626F2E1C164893006093A9 /* Spotify.framework in Frameworks */ = {isa = PBXBuildFile; fileRef = CF626F2D1C164893006093A9 /* Spotify.framework */; };
		CFAEC7451C0E3373002E4F55 /* Main.storyboard in Resources */ = {isa = PBXBuildFile; fileRef = CFAEC7441C0E3373002E4F55 /* Main.storyboard */; };
		CFB339F11BE1DDBF00FAC89C /* StartingTabViewController.swift in Sources */ = {isa = PBXBuildFile; fileRef = CFB339F01BE1DDBF00FAC89C /* StartingTabViewController.swift */; };
		CFDD84FD1C1B41ED007148A6 /* SongSearchTableViewCell.swift in Sources */ = {isa = PBXBuildFile; fileRef = CFDD84FC1C1B41ED007148A6 /* SongSearchTableViewCell.swift */; };
		CFE34D371BDFD5950048F12C /* UIViewControllerExtension.swift in Sources */ = {isa = PBXBuildFile; fileRef = CFE34D361BDFD5950048F12C /* UIViewControllerExtension.swift */; };
		CFE34DAF1BE122C10048F12C /* Rdio.framework in Frameworks */ = {isa = PBXBuildFile; fileRef = CFE34D741BE122C10048F12C /* Rdio.framework */; };
		CFE34DB11BE1231C0048F12C /* CoreMedia.framework in Frameworks */ = {isa = PBXBuildFile; fileRef = CFE34DB01BE1231C0048F12C /* CoreMedia.framework */; };
		CFFC56A21C0E38A20062E102 /* FriendSearchTableViewCell.swift in Sources */ = {isa = PBXBuildFile; fileRef = CFFC569F1C0E38A20062E102 /* FriendSearchTableViewCell.swift */; };
		CFFC56A31C0E38A20062E102 /* FriendsSearchViewController.swift in Sources */ = {isa = PBXBuildFile; fileRef = CFFC56A01C0E38A20062E102 /* FriendsSearchViewController.swift */; };
		CFFC56A41C0E38A20062E102 /* ParseHelper.swift in Sources */ = {isa = PBXBuildFile; fileRef = CFFC56A11C0E38A20062E102 /* ParseHelper.swift */; };
		CFFC56A61C0E4AEB0062E102 /* TimelineViewController.swift in Sources */ = {isa = PBXBuildFile; fileRef = CFFC56A51C0E4AEB0062E102 /* TimelineViewController.swift */; };
		CFFC56A81C1623E40062E102 /* AVFoundation.framework in Frameworks */ = {isa = PBXBuildFile; fileRef = CFFC56A71C1623E40062E102 /* AVFoundation.framework */; };
		CFFC56AD1C1628170062E102 /* SongSearchViewController.swift in Sources */ = {isa = PBXBuildFile; fileRef = CFFC56AC1C1628170062E102 /* SongSearchViewController.swift */; };
/* End PBXBuildFile section */

/* Begin PBXContainerItemProxy section */
		CF1CE4101BDE97EB007AA9A4 /* PBXContainerItemProxy */ = {
			isa = PBXContainerItemProxy;
			containerPortal = CF1CE3EF1BDE97EB007AA9A4 /* Project object */;
			proxyType = 1;
			remoteGlobalIDString = CF1CE3F61BDE97EB007AA9A4;
			remoteInfo = SoundByte;
		};
/* End PBXContainerItemProxy section */

/* Begin PBXFileReference section */
		781D2C69B1A2CD1540177A39 /* Pods-SoundByte.debug.xcconfig */ = {isa = PBXFileReference; includeInIndex = 1; lastKnownFileType = text.xcconfig; name = "Pods-SoundByte.debug.xcconfig"; path = "Pods/Target Support Files/Pods-SoundByte/Pods-SoundByte.debug.xcconfig"; sourceTree = "<group>"; };
		A6AF81E996464C4841DC437B /* Pods_SoundByte.framework */ = {isa = PBXFileReference; explicitFileType = wrapper.framework; includeInIndex = 0; path = Pods_SoundByte.framework; sourceTree = BUILT_PRODUCTS_DIR; };
		B010D826907277282D7E27BB /* Pods-SoundByte.release.xcconfig */ = {isa = PBXFileReference; includeInIndex = 1; lastKnownFileType = text.xcconfig; name = "Pods-SoundByte.release.xcconfig"; path = "Pods/Target Support Files/Pods-SoundByte/Pods-SoundByte.release.xcconfig"; sourceTree = "<group>"; };
		CF0DC8EF1C209315005C9825 /* TimelineTableViewCell.swift */ = {isa = PBXFileReference; fileEncoding = 4; lastKnownFileType = sourcecode.swift; path = TimelineTableViewCell.swift; sourceTree = "<group>"; };
		CF1CE3F71BDE97EB007AA9A4 /* SoundByte.app */ = {isa = PBXFileReference; explicitFileType = wrapper.application; includeInIndex = 0; path = SoundByte.app; sourceTree = BUILT_PRODUCTS_DIR; };
		CF1CE3FB1BDE97EB007AA9A4 /* Info.plist */ = {isa = PBXFileReference; lastKnownFileType = text.plist.xml; path = Info.plist; sourceTree = "<group>"; };
		CF1CE3FC1BDE97EB007AA9A4 /* AppDelegate.swift */ = {isa = PBXFileReference; lastKnownFileType = sourcecode.swift; path = AppDelegate.swift; sourceTree = "<group>"; };
		CF1CE3FF1BDE97EB007AA9A4 /* SoundByte.xcdatamodel */ = {isa = PBXFileReference; lastKnownFileType = wrapper.xcdatamodel; path = SoundByte.xcdatamodel; sourceTree = "<group>"; };
		CF1CE4011BDE97EB007AA9A4 /* SettingsViewController.swift */ = {isa = PBXFileReference; lastKnownFileType = sourcecode.swift; path = SettingsViewController.swift; sourceTree = "<group>"; };
		CF1CE4061BDE97EB007AA9A4 /* Images.xcassets */ = {isa = PBXFileReference; lastKnownFileType = folder.assetcatalog; path = Images.xcassets; sourceTree = "<group>"; };
		CF1CE4091BDE97EB007AA9A4 /* Base */ = {isa = PBXFileReference; lastKnownFileType = file.xib; name = Base; path = Base.lproj/LaunchScreen.xib; sourceTree = "<group>"; };
		CF1CE40F1BDE97EB007AA9A4 /* SoundByteTests.xctest */ = {isa = PBXFileReference; explicitFileType = wrapper.cfbundle; includeInIndex = 0; path = SoundByteTests.xctest; sourceTree = BUILT_PRODUCTS_DIR; };
		CF1CE4241BDE9A27007AA9A4 /* Bolts.framework */ = {isa = PBXFileReference; lastKnownFileType = wrapper.framework; path = Bolts.framework; sourceTree = "<group>"; };
		CF1CE4251BDE9A27007AA9A4 /* Parse.framework */ = {isa = PBXFileReference; lastKnownFileType = wrapper.framework; path = Parse.framework; sourceTree = "<group>"; };
		CF1CE4261BDE9A27007AA9A4 /* ParseUI.framework */ = {isa = PBXFileReference; lastKnownFileType = wrapper.framework; path = ParseUI.framework; sourceTree = "<group>"; };
		CF1CE42A1BDE9A49007AA9A4 /* AudioToolbox.framework */ = {isa = PBXFileReference; lastKnownFileType = wrapper.framework; name = AudioToolbox.framework; path = System/Library/Frameworks/AudioToolbox.framework; sourceTree = SDKROOT; };
		CF1CE42C1BDE9A51007AA9A4 /* CFNetwork.framework */ = {isa = PBXFileReference; lastKnownFileType = wrapper.framework; name = CFNetwork.framework; path = System/Library/Frameworks/CFNetwork.framework; sourceTree = SDKROOT; };
		CF1CE42E1BDE9A58007AA9A4 /* CoreGraphics.framework */ = {isa = PBXFileReference; lastKnownFileType = wrapper.framework; name = CoreGraphics.framework; path = System/Library/Frameworks/CoreGraphics.framework; sourceTree = SDKROOT; };
		CF1CE4301BDE9A5F007AA9A4 /* CoreLocation.framework */ = {isa = PBXFileReference; lastKnownFileType = wrapper.framework; name = CoreLocation.framework; path = System/Library/Frameworks/CoreLocation.framework; sourceTree = SDKROOT; };
		CF1CE4321BDE9A67007AA9A4 /* QuartzCore.framework */ = {isa = PBXFileReference; lastKnownFileType = wrapper.framework; name = QuartzCore.framework; path = System/Library/Frameworks/QuartzCore.framework; sourceTree = SDKROOT; };
		CF1CE4341BDE9A6D007AA9A4 /* Security.framework */ = {isa = PBXFileReference; lastKnownFileType = wrapper.framework; name = Security.framework; path = System/Library/Frameworks/Security.framework; sourceTree = SDKROOT; };
		CF1CE4361BDE9A73007AA9A4 /* StoreKit.framework */ = {isa = PBXFileReference; lastKnownFileType = wrapper.framework; name = StoreKit.framework; path = System/Library/Frameworks/StoreKit.framework; sourceTree = SDKROOT; };
		CF1CE4381BDE9A7A007AA9A4 /* SystemConfiguration.framework */ = {isa = PBXFileReference; lastKnownFileType = wrapper.framework; name = SystemConfiguration.framework; path = System/Library/Frameworks/SystemConfiguration.framework; sourceTree = SDKROOT; };
		CF1CE43A1BDE9A84007AA9A4 /* libz.1.2.5.dylib */ = {isa = PBXFileReference; lastKnownFileType = "compiled.mach-o.dylib"; name = libz.1.2.5.dylib; path = usr/lib/libz.1.2.5.dylib; sourceTree = SDKROOT; };
		CF1CE43C1BDE9A8B007AA9A4 /* libsqlite3.0.dylib */ = {isa = PBXFileReference; lastKnownFileType = "compiled.mach-o.dylib"; name = libsqlite3.0.dylib; path = usr/lib/libsqlite3.0.dylib; sourceTree = SDKROOT; };
		CF1CE43E1BDEB069007AA9A4 /* SoundByte-Bridging-Header.h */ = {isa = PBXFileReference; lastKnownFileType = sourcecode.c.h; path = "SoundByte-Bridging-Header.h"; sourceTree = "<group>"; };
		CF1CE4411BDEC99F007AA9A4 /* LoginViewController.swift */ = {isa = PBXFileReference; fileEncoding = 4; lastKnownFileType = sourcecode.swift; path = LoginViewController.swift; sourceTree = "<group>"; };
		CF1CE4471BDECA68007AA9A4 /* RegisterPageViewController.swift */ = {isa = PBXFileReference; fileEncoding = 4; lastKnownFileType = sourcecode.swift; path = RegisterPageViewController.swift; sourceTree = "<group>"; };
		CF626F2D1C164893006093A9 /* Spotify.framework */ = {isa = PBXFileReference; lastKnownFileType = wrapper.framework; path = Spotify.framework; sourceTree = "<group>"; };
		CFAEC7441C0E3373002E4F55 /* Main.storyboard */ = {isa = PBXFileReference; fileEncoding = 4; lastKnownFileType = file.storyboard; path = Main.storyboard; sourceTree = "<group>"; };
		CFB339F01BE1DDBF00FAC89C /* StartingTabViewController.swift */ = {isa = PBXFileReference; fileEncoding = 4; lastKnownFileType = sourcecode.swift; path = StartingTabViewController.swift; sourceTree = "<group>"; };
		CFDD84FC1C1B41ED007148A6 /* SongSearchTableViewCell.swift */ = {isa = PBXFileReference; fileEncoding = 4; lastKnownFileType = sourcecode.swift; path = SongSearchTableViewCell.swift; sourceTree = "<group>"; };
		CFE34D361BDFD5950048F12C /* UIViewControllerExtension.swift */ = {isa = PBXFileReference; fileEncoding = 4; lastKnownFileType = sourcecode.swift; path = UIViewControllerExtension.swift; sourceTree = "<group>"; };
		CFE34D741BE122C10048F12C /* Rdio.framework */ = {isa = PBXFileReference; lastKnownFileType = wrapper.framework; name = Rdio.framework; path = "rdio-ios-4.0.0/Rdio.framework"; sourceTree = "<group>"; };
		CFE34DB01BE1231C0048F12C /* CoreMedia.framework */ = {isa = PBXFileReference; lastKnownFileType = wrapper.framework; name = CoreMedia.framework; path = System/Library/Frameworks/CoreMedia.framework; sourceTree = SDKROOT; };
		CFFC569F1C0E38A20062E102 /* FriendSearchTableViewCell.swift */ = {isa = PBXFileReference; fileEncoding = 4; lastKnownFileType = sourcecode.swift; path = FriendSearchTableViewCell.swift; sourceTree = "<group>"; };
		CFFC56A01C0E38A20062E102 /* FriendsSearchViewController.swift */ = {isa = PBXFileReference; fileEncoding = 4; lastKnownFileType = sourcecode.swift; path = FriendsSearchViewController.swift; sourceTree = "<group>"; };
		CFFC56A11C0E38A20062E102 /* ParseHelper.swift */ = {isa = PBXFileReference; fileEncoding = 4; lastKnownFileType = sourcecode.swift; path = ParseHelper.swift; sourceTree = "<group>"; };
		CFFC56A51C0E4AEB0062E102 /* TimelineViewController.swift */ = {isa = PBXFileReference; fileEncoding = 4; lastKnownFileType = sourcecode.swift; path = TimelineViewController.swift; sourceTree = "<group>"; };
		CFFC56A71C1623E40062E102 /* AVFoundation.framework */ = {isa = PBXFileReference; lastKnownFileType = wrapper.framework; name = AVFoundation.framework; path = System/Library/Frameworks/AVFoundation.framework; sourceTree = SDKROOT; };
		CFFC56AC1C1628170062E102 /* SongSearchViewController.swift */ = {isa = PBXFileReference; fileEncoding = 4; lastKnownFileType = sourcecode.swift; path = SongSearchViewController.swift; sourceTree = "<group>"; };
/* End PBXFileReference section */

/* Begin PBXFrameworksBuildPhase section */
		CF1CE3F41BDE97EB007AA9A4 /* Frameworks */ = {
			isa = PBXFrameworksBuildPhase;
			buildActionMask = 2147483647;
			files = (
				CFFC56A81C1623E40062E102 /* AVFoundation.framework in Frameworks */,
				CF626F2E1C164893006093A9 /* Spotify.framework in Frameworks */,
				CFE34DB11BE1231C0048F12C /* CoreMedia.framework in Frameworks */,
				CF1CE43D1BDE9A8B007AA9A4 /* libsqlite3.0.dylib in Frameworks */,
				CF1CE43B1BDE9A84007AA9A4 /* libz.1.2.5.dylib in Frameworks */,
				CF1CE4391BDE9A7A007AA9A4 /* SystemConfiguration.framework in Frameworks */,
				CF1CE4371BDE9A73007AA9A4 /* StoreKit.framework in Frameworks */,
				CF1CE4351BDE9A6D007AA9A4 /* Security.framework in Frameworks */,
				CF1CE4331BDE9A67007AA9A4 /* QuartzCore.framework in Frameworks */,
				CFE34DAF1BE122C10048F12C /* Rdio.framework in Frameworks */,
				CF1CE4311BDE9A5F007AA9A4 /* CoreLocation.framework in Frameworks */,
				CF1CE42F1BDE9A58007AA9A4 /* CoreGraphics.framework in Frameworks */,
				CF1CE42D1BDE9A51007AA9A4 /* CFNetwork.framework in Frameworks */,
				CF1CE42B1BDE9A49007AA9A4 /* AudioToolbox.framework in Frameworks */,
				CF1CE4291BDE9A27007AA9A4 /* ParseUI.framework in Frameworks */,
				CF1CE4281BDE9A27007AA9A4 /* Parse.framework in Frameworks */,
				CF1CE4271BDE9A27007AA9A4 /* Bolts.framework in Frameworks */,
				0D80BFF75C45C620609B537F /* Pods_SoundByte.framework in Frameworks */,
			);
			runOnlyForDeploymentPostprocessing = 0;
		};
		CF1CE40C1BDE97EB007AA9A4 /* Frameworks */ = {
			isa = PBXFrameworksBuildPhase;
			buildActionMask = 2147483647;
			files = (
			);
			runOnlyForDeploymentPostprocessing = 0;
		};
/* End PBXFrameworksBuildPhase section */

/* Begin PBXGroup section */
		12D4F172CF78994499666929 /* Pods */ = {
			isa = PBXGroup;
			children = (
				781D2C69B1A2CD1540177A39 /* Pods-SoundByte.debug.xcconfig */,
				B010D826907277282D7E27BB /* Pods-SoundByte.release.xcconfig */,
			);
			name = Pods;
			sourceTree = "<group>";
		};
		CF0DC8F11C209A85005C9825 /* FriendSearch */ = {
			isa = PBXGroup;
			children = (
				CFFC56A01C0E38A20062E102 /* FriendsSearchViewController.swift */,
				CFFC569F1C0E38A20062E102 /* FriendSearchTableViewCell.swift */,
			);
			name = FriendSearch;
			sourceTree = "<group>";
		};
		CF0DC8F21C209AA2005C9825 /* Timeline */ = {
			isa = PBXGroup;
			children = (
				CFFC56A51C0E4AEB0062E102 /* TimelineViewController.swift */,
				CF0DC8EF1C209315005C9825 /* TimelineTableViewCell.swift */,
			);
			name = Timeline;
			sourceTree = "<group>";
		};
		CF0DC8F31C209AB4005C9825 /* SongSearch */ = {
			isa = PBXGroup;
			children = (
				CFDD84FC1C1B41ED007148A6 /* SongSearchTableViewCell.swift */,
				CFFC56AC1C1628170062E102 /* SongSearchViewController.swift */,
			);
			name = SongSearch;
			sourceTree = "<group>";
		};
		CF0DC8F41C209AD0005C9825 /* Login/Register */ = {
			isa = PBXGroup;
			children = (
				CF1CE4471BDECA68007AA9A4 /* RegisterPageViewController.swift */,
				CF1CE4411BDEC99F007AA9A4 /* LoginViewController.swift */,
			);
			name = Login/Register;
			sourceTree = "<group>";
		};
		CF1CE3EE1BDE97EB007AA9A4 = {
			isa = PBXGroup;
			children = (
				CF1CE3F91BDE97EB007AA9A4 /* SoundByte */,
				CF1CE3F81BDE97EB007AA9A4 /* Products */,
				CF1CE41F1BDE98DE007AA9A4 /* Frameworks */,
				12D4F172CF78994499666929 /* Pods */,
			);
			sourceTree = "<group>";
		};
		CF1CE3F81BDE97EB007AA9A4 /* Products */ = {
			isa = PBXGroup;
			children = (
				CF1CE3F71BDE97EB007AA9A4 /* SoundByte.app */,
				CF1CE40F1BDE97EB007AA9A4 /* SoundByteTests.xctest */,
			);
			name = Products;
			sourceTree = "<group>";
		};
		CF1CE3F91BDE97EB007AA9A4 /* SoundByte */ = {
			isa = PBXGroup;
			children = (
				CF0DC8F41C209AD0005C9825 /* Login/Register */,
				CF0DC8F11C209A85005C9825 /* FriendSearch */,
				CF0DC8F21C209AA2005C9825 /* Timeline */,
				CF0DC8F31C209AB4005C9825 /* SongSearch */,
				CF1CE3FA1BDE97EB007AA9A4 /* Supporting Files */,
				CFB339F01BE1DDBF00FAC89C /* StartingTabViewController.swift */,
				CFFC56A11C0E38A20062E102 /* ParseHelper.swift */,
				CFAEC7441C0E3373002E4F55 /* Main.storyboard */,
				CF1CE4011BDE97EB007AA9A4 /* SettingsViewController.swift */,
				CF1CE3FC1BDE97EB007AA9A4 /* AppDelegate.swift */,
			);
			path = SoundByte;
			sourceTree = "<group>";
		};
		CF1CE3FA1BDE97EB007AA9A4 /* Supporting Files */ = {
			isa = PBXGroup;
			children = (
				CFE34D361BDFD5950048F12C /* UIViewControllerExtension.swift */,
				CF1CE4061BDE97EB007AA9A4 /* Images.xcassets */,
				CF1CE4081BDE97EB007AA9A4 /* LaunchScreen.xib */,
				CF1CE3FE1BDE97EB007AA9A4 /* SoundByte.xcdatamodeld */,
				CF1CE43E1BDEB069007AA9A4 /* SoundByte-Bridging-Header.h */,
				CF1CE3FB1BDE97EB007AA9A4 /* Info.plist */,
			);
			name = "Supporting Files";
			sourceTree = "<group>";
		};
		CF1CE41F1BDE98DE007AA9A4 /* Frameworks */ = {
			isa = PBXGroup;
			children = (
				CF626F2D1C164893006093A9 /* Spotify.framework */,
				CFFC56A71C1623E40062E102 /* AVFoundation.framework */,
				CFE34DB01BE1231C0048F12C /* CoreMedia.framework */,
				CFE34D741BE122C10048F12C /* Rdio.framework */,
				CF1CE43C1BDE9A8B007AA9A4 /* libsqlite3.0.dylib */,
				CF1CE43A1BDE9A84007AA9A4 /* libz.1.2.5.dylib */,
				CF1CE4381BDE9A7A007AA9A4 /* SystemConfiguration.framework */,
				CF1CE4361BDE9A73007AA9A4 /* StoreKit.framework */,
				CF1CE4341BDE9A6D007AA9A4 /* Security.framework */,
				CF1CE4321BDE9A67007AA9A4 /* QuartzCore.framework */,
				CF1CE4301BDE9A5F007AA9A4 /* CoreLocation.framework */,
				CF1CE42E1BDE9A58007AA9A4 /* CoreGraphics.framework */,
				CF1CE42C1BDE9A51007AA9A4 /* CFNetwork.framework */,
				CF1CE42A1BDE9A49007AA9A4 /* AudioToolbox.framework */,
				CF1CE4241BDE9A27007AA9A4 /* Bolts.framework */,
				CF1CE4251BDE9A27007AA9A4 /* Parse.framework */,
				CF1CE4261BDE9A27007AA9A4 /* ParseUI.framework */,
				A6AF81E996464C4841DC437B /* Pods_SoundByte.framework */,
			);
			name = Frameworks;
			path = SoundByte.xcodeproj;
			sourceTree = "<group>";
		};
/* End PBXGroup section */

/* Begin PBXNativeTarget section */
		CF1CE3F61BDE97EB007AA9A4 /* SoundByte */ = {
			isa = PBXNativeTarget;
			buildConfigurationList = CF1CE4191BDE97EB007AA9A4 /* Build configuration list for PBXNativeTarget "SoundByte" */;
			buildPhases = (
				574CBC4A7CD5BCD09B83A6CA /* Check Pods Manifest.lock */,
				CF1CE3F31BDE97EB007AA9A4 /* Sources */,
				CF1CE3F41BDE97EB007AA9A4 /* Frameworks */,
				CF1CE3F51BDE97EB007AA9A4 /* Resources */,
				F3E6FD03BD2EE47A08472FA5 /* Embed Pods Frameworks */,
				36D3F8F8C353BC27628D5D4D /* Copy Pods Resources */,
			);
			buildRules = (
			);
			dependencies = (
			);
			name = SoundByte;
			productName = SoundByte;
			productReference = CF1CE3F71BDE97EB007AA9A4 /* SoundByte.app */;
			productType = "com.apple.product-type.application";
		};
		CF1CE40E1BDE97EB007AA9A4 /* SoundByteTests */ = {
			isa = PBXNativeTarget;
			buildConfigurationList = CF1CE41C1BDE97EB007AA9A4 /* Build configuration list for PBXNativeTarget "SoundByteTests" */;
			buildPhases = (
				CF1CE40B1BDE97EB007AA9A4 /* Sources */,
				CF1CE40C1BDE97EB007AA9A4 /* Frameworks */,
				CF1CE40D1BDE97EB007AA9A4 /* Resources */,
			);
			buildRules = (
			);
			dependencies = (
				CF1CE4111BDE97EB007AA9A4 /* PBXTargetDependency */,
			);
			name = SoundByteTests;
			productName = SoundByteTests;
			productReference = CF1CE40F1BDE97EB007AA9A4 /* SoundByteTests.xctest */;
			productType = "com.apple.product-type.bundle.unit-test";
		};
/* End PBXNativeTarget section */

/* Begin PBXProject section */
		CF1CE3EF1BDE97EB007AA9A4 /* Project object */ = {
			isa = PBXProject;
			attributes = {
				LastUpgradeCheck = 0640;
				ORGANIZATIONNAME = "Jeff Cohen";
				TargetAttributes = {
					CF1CE3F61BDE97EB007AA9A4 = {
						CreatedOnToolsVersion = 6.4;
					};
					CF1CE40E1BDE97EB007AA9A4 = {
						CreatedOnToolsVersion = 6.4;
						TestTargetID = CF1CE3F61BDE97EB007AA9A4;
					};
				};
			};
			buildConfigurationList = CF1CE3F21BDE97EB007AA9A4 /* Build configuration list for PBXProject "SoundByte" */;
			compatibilityVersion = "Xcode 3.2";
			developmentRegion = English;
			hasScannedForEncodings = 0;
			knownRegions = (
				en,
				Base,
			);
			mainGroup = CF1CE3EE1BDE97EB007AA9A4;
			productRefGroup = CF1CE3F81BDE97EB007AA9A4 /* Products */;
			projectDirPath = "";
			projectRoot = "";
			targets = (
				CF1CE3F61BDE97EB007AA9A4 /* SoundByte */,
				CF1CE40E1BDE97EB007AA9A4 /* SoundByteTests */,
			);
		};
/* End PBXProject section */

/* Begin PBXResourcesBuildPhase section */
		CF1CE3F51BDE97EB007AA9A4 /* Resources */ = {
			isa = PBXResourcesBuildPhase;
			buildActionMask = 2147483647;
			files = (
				CFAEC7451C0E3373002E4F55 /* Main.storyboard in Resources */,
				CF1CE40A1BDE97EB007AA9A4 /* LaunchScreen.xib in Resources */,
				CF1CE4071BDE97EB007AA9A4 /* Images.xcassets in Resources */,
			);
			runOnlyForDeploymentPostprocessing = 0;
		};
		CF1CE40D1BDE97EB007AA9A4 /* Resources */ = {
			isa = PBXResourcesBuildPhase;
			buildActionMask = 2147483647;
			files = (
			);
			runOnlyForDeploymentPostprocessing = 0;
		};
/* End PBXResourcesBuildPhase section */

/* Begin PBXShellScriptBuildPhase section */
		36D3F8F8C353BC27628D5D4D /* Copy Pods Resources */ = {
			isa = PBXShellScriptBuildPhase;
			buildActionMask = 2147483647;
			files = (
			);
			inputPaths = (
			);
			name = "Copy Pods Resources";
			outputPaths = (
			);
			runOnlyForDeploymentPostprocessing = 0;
			shellPath = /bin/sh;
			shellScript = "\"${SRCROOT}/Pods/Target Support Files/Pods-SoundByte/Pods-SoundByte-resources.sh\"\n";
			showEnvVarsInLog = 0;
		};
		574CBC4A7CD5BCD09B83A6CA /* Check Pods Manifest.lock */ = {
			isa = PBXShellScriptBuildPhase;
			buildActionMask = 2147483647;
			files = (
			);
			inputPaths = (
			);
			name = "Check Pods Manifest.lock";
			outputPaths = (
			);
			runOnlyForDeploymentPostprocessing = 0;
			shellPath = /bin/sh;
			shellScript = "diff \"${PODS_ROOT}/../Podfile.lock\" \"${PODS_ROOT}/Manifest.lock\" > /dev/null\nif [[ $? != 0 ]] ; then\n    cat << EOM\nerror: The sandbox is not in sync with the Podfile.lock. Run 'pod install' or update your CocoaPods installation.\nEOM\n    exit 1\nfi\n";
			showEnvVarsInLog = 0;
		};
		F3E6FD03BD2EE47A08472FA5 /* Embed Pods Frameworks */ = {
			isa = PBXShellScriptBuildPhase;
			buildActionMask = 2147483647;
			files = (
			);
			inputPaths = (
			);
			name = "Embed Pods Frameworks";
			outputPaths = (
			);
			runOnlyForDeploymentPostprocessing = 0;
			shellPath = /bin/sh;
			shellScript = "\"${SRCROOT}/Pods/Target Support Files/Pods-SoundByte/Pods-SoundByte-frameworks.sh\"\n";
			showEnvVarsInLog = 0;
		};
/* End PBXShellScriptBuildPhase section */

/* Begin PBXSourcesBuildPhase section */
		CF1CE3F31BDE97EB007AA9A4 /* Sources */ = {
			isa = PBXSourcesBuildPhase;
			buildActionMask = 2147483647;
			files = (
				CFDD84FD1C1B41ED007148A6 /* SongSearchTableViewCell.swift in Sources */,
				CF1CE4021BDE97EB007AA9A4 /* SettingsViewController.swift in Sources */,
				CF1CE4481BDECA68007AA9A4 /* RegisterPageViewController.swift in Sources */,
				CF0DC8F01C209315005C9825 /* TimelineTableViewCell.swift in Sources */,
				CF1CE3FD1BDE97EB007AA9A4 /* AppDelegate.swift in Sources */,
				CF1CE4421BDEC99F007AA9A4 /* LoginViewController.swift in Sources */,
				CFFC56AD1C1628170062E102 /* SongSearchViewController.swift in Sources */,
				CFFC56A21C0E38A20062E102 /* FriendSearchTableViewCell.swift in Sources */,
				CFFC56A31C0E38A20062E102 /* FriendsSearchViewController.swift in Sources */,
				CFB339F11BE1DDBF00FAC89C /* StartingTabViewController.swift in Sources */,
				CFFC56A61C0E4AEB0062E102 /* TimelineViewController.swift in Sources */,
				CFE34D371BDFD5950048F12C /* UIViewControllerExtension.swift in Sources */,
				CFFC56A41C0E38A20062E102 /* ParseHelper.swift in Sources */,
			);
			runOnlyForDeploymentPostprocessing = 0;
		};
		CF1CE40B1BDE97EB007AA9A4 /* Sources */ = {
			isa = PBXSourcesBuildPhase;
			buildActionMask = 2147483647;
			files = (
			);
			runOnlyForDeploymentPostprocessing = 0;
		};
/* End PBXSourcesBuildPhase section */

/* Begin PBXTargetDependency section */
		CF1CE4111BDE97EB007AA9A4 /* PBXTargetDependency */ = {
			isa = PBXTargetDependency;
			target = CF1CE3F61BDE97EB007AA9A4 /* SoundByte */;
			targetProxy = CF1CE4101BDE97EB007AA9A4 /* PBXContainerItemProxy */;
		};
/* End PBXTargetDependency section */

/* Begin PBXVariantGroup section */
		CF1CE4081BDE97EB007AA9A4 /* LaunchScreen.xib */ = {
			isa = PBXVariantGroup;
			children = (
				CF1CE4091BDE97EB007AA9A4 /* Base */,
			);
			name = LaunchScreen.xib;
			sourceTree = "<group>";
		};
/* End PBXVariantGroup section */

/* Begin XCBuildConfiguration section */
		CF1CE4171BDE97EB007AA9A4 /* Debug */ = {
			isa = XCBuildConfiguration;
			buildSettings = {
				ALWAYS_SEARCH_USER_PATHS = NO;
				CLANG_CXX_LANGUAGE_STANDARD = "gnu++0x";
				CLANG_CXX_LIBRARY = "libc++";
				CLANG_ENABLE_MODULES = YES;
				CLANG_ENABLE_OBJC_ARC = YES;
				CLANG_WARN_BOOL_CONVERSION = YES;
				CLANG_WARN_CONSTANT_CONVERSION = YES;
				CLANG_WARN_DIRECT_OBJC_ISA_USAGE = YES_ERROR;
				CLANG_WARN_EMPTY_BODY = YES;
				CLANG_WARN_ENUM_CONVERSION = YES;
				CLANG_WARN_INT_CONVERSION = YES;
				CLANG_WARN_OBJC_ROOT_CLASS = YES_ERROR;
				CLANG_WARN_UNREACHABLE_CODE = YES;
				CLANG_WARN__DUPLICATE_METHOD_MATCH = YES;
				"CODE_SIGN_IDENTITY[sdk=iphoneos*]" = "iPhone Developer";
				COPY_PHASE_STRIP = NO;
				DEBUG_INFORMATION_FORMAT = "dwarf-with-dsym";
				ENABLE_STRICT_OBJC_MSGSEND = YES;
				GCC_C_LANGUAGE_STANDARD = gnu99;
				GCC_DYNAMIC_NO_PIC = NO;
				GCC_NO_COMMON_BLOCKS = YES;
				GCC_OPTIMIZATION_LEVEL = 0;
				GCC_PREPROCESSOR_DEFINITIONS = (
					"DEBUG=1",
					"$(inherited)",
				);
				GCC_SYMBOLS_PRIVATE_EXTERN = NO;
				GCC_WARN_64_TO_32_BIT_CONVERSION = YES;
				GCC_WARN_ABOUT_RETURN_TYPE = YES_ERROR;
				GCC_WARN_UNDECLARED_SELECTOR = YES;
				GCC_WARN_UNINITIALIZED_AUTOS = YES_AGGRESSIVE;
				GCC_WARN_UNUSED_FUNCTION = YES;
				GCC_WARN_UNUSED_VARIABLE = YES;
				IPHONEOS_DEPLOYMENT_TARGET = 8.4;
				MTL_ENABLE_DEBUG_INFO = YES;
				ONLY_ACTIVE_ARCH = YES;
				SDKROOT = iphoneos;
				SWIFT_OPTIMIZATION_LEVEL = "-Onone";
			};
			name = Debug;
		};
		CF1CE4181BDE97EB007AA9A4 /* Release */ = {
			isa = XCBuildConfiguration;
			buildSettings = {
				ALWAYS_SEARCH_USER_PATHS = NO;
				CLANG_CXX_LANGUAGE_STANDARD = "gnu++0x";
				CLANG_CXX_LIBRARY = "libc++";
				CLANG_ENABLE_MODULES = YES;
				CLANG_ENABLE_OBJC_ARC = YES;
				CLANG_WARN_BOOL_CONVERSION = YES;
				CLANG_WARN_CONSTANT_CONVERSION = YES;
				CLANG_WARN_DIRECT_OBJC_ISA_USAGE = YES_ERROR;
				CLANG_WARN_EMPTY_BODY = YES;
				CLANG_WARN_ENUM_CONVERSION = YES;
				CLANG_WARN_INT_CONVERSION = YES;
				CLANG_WARN_OBJC_ROOT_CLASS = YES_ERROR;
				CLANG_WARN_UNREACHABLE_CODE = YES;
				CLANG_WARN__DUPLICATE_METHOD_MATCH = YES;
				"CODE_SIGN_IDENTITY[sdk=iphoneos*]" = "iPhone Developer";
				COPY_PHASE_STRIP = NO;
				DEBUG_INFORMATION_FORMAT = "dwarf-with-dsym";
				ENABLE_NS_ASSERTIONS = NO;
				ENABLE_STRICT_OBJC_MSGSEND = YES;
				GCC_C_LANGUAGE_STANDARD = gnu99;
				GCC_NO_COMMON_BLOCKS = YES;
				GCC_WARN_64_TO_32_BIT_CONVERSION = YES;
				GCC_WARN_ABOUT_RETURN_TYPE = YES_ERROR;
				GCC_WARN_UNDECLARED_SELECTOR = YES;
				GCC_WARN_UNINITIALIZED_AUTOS = YES_AGGRESSIVE;
				GCC_WARN_UNUSED_FUNCTION = YES;
				GCC_WARN_UNUSED_VARIABLE = YES;
				IPHONEOS_DEPLOYMENT_TARGET = 8.4;
				MTL_ENABLE_DEBUG_INFO = NO;
				SDKROOT = iphoneos;
				VALIDATE_PRODUCT = YES;
			};
			name = Release;
		};
		CF1CE41A1BDE97EB007AA9A4 /* Debug */ = {
			isa = XCBuildConfiguration;
			baseConfigurationReference = 781D2C69B1A2CD1540177A39 /* Pods-SoundByte.debug.xcconfig */;
			buildSettings = {
				ASSETCATALOG_COMPILER_APPICON_NAME = AppIcon;
				CLANG_ENABLE_MODULES = YES;
				FRAMEWORK_SEARCH_PATHS = (
					"$(inherited)",
					"$(PROJECT_DIR)/SoundByte.xcodeproj",
					"$(PROJECT_DIR)/SoundByte.xcodeproj/rdio-ios-4.0.0",
				);
				INFOPLIST_FILE = SoundByte/Info.plist;
				LD_RUNPATH_SEARCH_PATHS = "$(inherited) @executable_path/Frameworks";
				OTHER_LDFLAGS = (
					"-all_load",
					"$(inherited)",
					"-ObjC",
				);
				PRODUCT_NAME = "$(TARGET_NAME)";
				SWIFT_OBJC_BRIDGING_HEADER = "SoundByte/SoundByte-Bridging-Header.h";
				SWIFT_OPTIMIZATION_LEVEL = "-Onone";
			};
			name = Debug;
		};
		CF1CE41B1BDE97EB007AA9A4 /* Release */ = {
			isa = XCBuildConfiguration;
			baseConfigurationReference = B010D826907277282D7E27BB /* Pods-SoundByte.release.xcconfig */;
			buildSettings = {
				ASSETCATALOG_COMPILER_APPICON_NAME = AppIcon;
				CLANG_ENABLE_MODULES = YES;
				FRAMEWORK_SEARCH_PATHS = (
					"$(inherited)",
					"$(PROJECT_DIR)/SoundByte.xcodeproj",
					"$(PROJECT_DIR)/SoundByte.xcodeproj/rdio-ios-4.0.0",
				);
				INFOPLIST_FILE = SoundByte/Info.plist;
				LD_RUNPATH_SEARCH_PATHS = "$(inherited) @executable_path/Frameworks";
				ONLY_ACTIVE_ARCH = YES;
				OTHER_LDFLAGS = (
					"-all_load",
					"$(inherited)",
					"-ObjC",
				);
				PRODUCT_NAME = "$(TARGET_NAME)";
				SWIFT_OBJC_BRIDGING_HEADER = "SoundByte/SoundByte-Bridging-Header.h";
			};
			name = Release;
		};
		CF1CE41D1BDE97EB007AA9A4 /* Debug */ = {
			isa = XCBuildConfiguration;
			buildSettings = {
				BUNDLE_LOADER = "$(TEST_HOST)";
				FRAMEWORK_SEARCH_PATHS = (
					"$(SDKROOT)/Developer/Library/Frameworks",
					"$(inherited)",
				);
				GCC_PREPROCESSOR_DEFINITIONS = (
					"DEBUG=1",
					"$(inherited)",
				);
				INFOPLIST_FILE = SoundByteTests/Info.plist;
				LD_RUNPATH_SEARCH_PATHS = "$(inherited) @executable_path/Frameworks @loader_path/Frameworks";
				PRODUCT_NAME = "$(TARGET_NAME)";
				TEST_HOST = "$(BUILT_PRODUCTS_DIR)/SoundByte.app/SoundByte";
			};
			name = Debug;
		};
		CF1CE41E1BDE97EB007AA9A4 /* Release */ = {
			isa = XCBuildConfiguration;
			buildSettings = {
				BUNDLE_LOADER = "$(TEST_HOST)";
				FRAMEWORK_SEARCH_PATHS = (
					"$(SDKROOT)/Developer/Library/Frameworks",
					"$(inherited)",
				);
				INFOPLIST_FILE = SoundByteTests/Info.plist;
				LD_RUNPATH_SEARCH_PATHS = "$(inherited) @executable_path/Frameworks @loader_path/Frameworks";
				PRODUCT_NAME = "$(TARGET_NAME)";
				TEST_HOST = "$(BUILT_PRODUCTS_DIR)/SoundByte.app/SoundByte";
			};
			name = Release;
		};
/* End XCBuildConfiguration section */

/* Begin XCConfigurationList section */
		CF1CE3F21BDE97EB007AA9A4 /* Build configuration list for PBXProject "SoundByte" */ = {
			isa = XCConfigurationList;
			buildConfigurations = (
				CF1CE4171BDE97EB007AA9A4 /* Debug */,
				CF1CE4181BDE97EB007AA9A4 /* Release */,
			);
			defaultConfigurationIsVisible = 0;
			defaultConfigurationName = Release;
		};
		CF1CE4191BDE97EB007AA9A4 /* Build configuration list for PBXNativeTarget "SoundByte" */ = {
			isa = XCConfigurationList;
			buildConfigurations = (
				CF1CE41A1BDE97EB007AA9A4 /* Debug */,
				CF1CE41B1BDE97EB007AA9A4 /* Release */,
			);
			defaultConfigurationIsVisible = 0;
			defaultConfigurationName = Release;
		};
		CF1CE41C1BDE97EB007AA9A4 /* Build configuration list for PBXNativeTarget "SoundByteTests" */ = {
			isa = XCConfigurationList;
			buildConfigurations = (
				CF1CE41D1BDE97EB007AA9A4 /* Debug */,
				CF1CE41E1BDE97EB007AA9A4 /* Release */,
			);
			defaultConfigurationIsVisible = 0;
			defaultConfigurationName = Release;
		};
/* End XCConfigurationList section */

/* Begin XCVersionGroup section */
		CF1CE3FE1BDE97EB007AA9A4 /* SoundByte.xcdatamodeld */ = {
			isa = XCVersionGroup;
			children = (
				CF1CE3FF1BDE97EB007AA9A4 /* SoundByte.xcdatamodel */,
			);
			currentVersion = CF1CE3FF1BDE97EB007AA9A4 /* SoundByte.xcdatamodel */;
			path = SoundByte.xcdatamodeld;
			sourceTree = "<group>";
			versionGroupType = wrapper.xcdatamodel;
		};
/* End XCVersionGroup section */
	};
	rootObject = CF1CE3EF1BDE97EB007AA9A4 /* Project object */;
}
